
Microsoft Visual Studio Solution File, Format Version 12.00
# Visual Studio Version 17
VisualStudioVersion = 17.1.32414.318
MinimumVisualStudioVersion = 10.0.40219.1
Project("{FAE04EC0-301F-11D3-BF4B-00C04F79EFBC}") = "KeyQuest", "KeyQuest\KeyQuest.csproj", "{22F4A032-C1A9-4AB9-952F-07D6C73AE1E3}"
EndProject
Global
	GlobalSection(SolutionConfigurationPlatforms) = preSolution
		Debug|Any CPU = Debug|Any CPU
		Release|Any CPU = Release|Any CPU
	EndGlobalSection
	GlobalSection(ProjectConfigurationPlatforms) = postSolution
		{22F4A032-C1A9-4AB9-952F-07D6C73AE1E3}.Debug|Any CPU.ActiveCfg = Debug|Any CPU
		{22F4A032-C1A9-4AB9-952F-07D6C73AE1E3}.Debug|Any CPU.Build.0 = Debug|Any CPU
		{22F4A032-C1A9-4AB9-952F-07D6C73AE1E3}.Release|Any CPU.ActiveCfg = Release|Any CPU
		{22F4A032-C1A9-4AB9-952F-07D6C73AE1E3}.Release|Any CPU.Build.0 = Release|Any CPU
	EndGlobalSection
	GlobalSection(SolutionProperties) = preSolution
		HideSolutionNode = FALSE
	EndGlobalSection
	GlobalSection(ExtensibilityGlobals) = postSolution
		SolutionGuid = {24F0310A-9893-4A0F-8D17-815C9A014EA3}
	EndGlobalSection
EndGlobal
